<Solution>
  <Project Path="Dove.Blog.Abstractions/Dove.Blog.Abstractions.csproj" />
  <Project Path="Dove.Blog.Data/Dove.Blog.Data.csproj" />
  <Project Path="Dove.Blog.Logic/Dove.Blog.Logic.csproj" />
  <Project Path="Dove.Blog.Tests/Dove.Blog.Tests.csproj" Id="01a5c447-5567-4f52-9ba6-3da4908ae3d3" />
  <Project Path="RazorApp/Dove.Blog.WebApp.csproj" />
</Solution>
